code.pfad.fr/check v1.1.0 h1:GWvjdzhSEgHvEHe2uJujDcpmZoySKuHQNrZMfzfO0bE=
code.pfad.fr/check v1.1.0/go.mod h1:NiUH13DtYsb7xp5wll0U4SXx7KhXQVCtRgdC96IPfoM=
filippo.io/edwards25519 v1.1.0/go.mod h1:BxyFTGdWcka3PhytdK4V28tE5sGfRvvvRV7EaN4VDT4=
filippo.io/edwards25519 v1.2.0 h1:crnVqOiS4jqYleHd9vaKZ+HKtHfllngJIiOpNpoJsjo=
filippo.io/edwards25519 v1.2.0/go.mod h1:xzAOLCNug/yB62zG1bQ8uziwrIqIuxhctzJT18Q77mc=
github.com/ajg/form v1.5.1 h1:t9c7v8JUKu/XxOGBU0yjNpaMloxGEJhUkqFRq0ibGeU=
github.com/ajg/form v1.5.1/go.mod h1:uL1WgH+h2mgNtvBq0339dVnzXdBETtL2LeUXaIv25UY=
github.com/alitto/pond/v2 v2.5.0 h1:vPzS5GnvSDRhWQidmj2djHllOmjFExVFbDGCw1jdqDw=
github.com/alitto/pond/v2 v2.5.0/go.mod h1:xkjYEgQ05RSpWdfSd1nM3OVv7TBhLdy7rMp3+2Nq+yE=
github.com/andybalholm/brotli v1.2.2 h1:HzTuoo2ErYQqf5qvcJInB8uvqSVxRttzkFexPWtnceM=
github.com/andybalholm/brotli v1.2.2/go.mod h1:rzTDkvFWvIrjDXZHkuS16NPggd91W3kUSvPlQ1pLaKY=
github.com/anytls/sing-anytls v0.0.11 h1:w8e9Uj1oP3m4zxkyZDewPk0EcQbvVxb7Nn+rapEx4fc=
github.com/anytls/sing-anytls v0.0.11/go.mod h1:7rjN6IukwysmdusYsrV51Fgu1uW6vsrdd6ctjnEAln8=
github.com/apernet/quic-go v0.59.1-0.20260425001925-6c6cc9bcb716 h1:J1O+xpLuJWkdYbw5JPGwBqIHs2J8tiEP7Py9lPqkN2I=
github.com/apernet/quic-go v0.59.1-0.20260425001925-6c6cc9bcb716/go.mod h1:Npbg8qBtAZlsAB3FWmqwlVh5jtVG6a4DlYsOylUpvzA=
github.com/caddyserver/certmagic v0.25.3-0.20260421143802-60d9d8b415d6 h1:LYSB6VgWzKtNrcxElw3c97BP40Oc7bizKxA9K1Vi/5k=
github.com/caddyserver/certmagic v0.25.3-0.20260421143802-60d9d8b415d6/go.mod h1:llW/CvsNmza8S6hmsuggsZeiX+uS27dkqY27wDIuBWg=
github.com/caddyserver/zerossl v0.1.5 h1:dkvOjBAEEtY6LIGAHei7sw2UgqSD6TrWweXpV7lvEvE=
github.com/caddyserver/zerossl v0.1.5/go.mod h1:CxA0acn7oEGO6//4rtrRjYgEoa4MFw/XofZnrYwGqG4=
github.com/cespare/xxhash/v2 v2.3.0 h1:UL815xU9SqsFlibzuggzjXhog7bL6oX9BbNZnL2UFvs=
github.com/cespare/xxhash/v2 v2.3.0/go.mod h1:VGX0DQ3Q6kWi7AoAeZDth3/j3BFtOZR5XLFGgcrjCOs=
github.com/chengxilo/virtualterm v1.0.4 h1:Z6IpERbRVlfB8WkOmtbHiDbBANU7cimRIof7mk9/PwM=
github.com/chengxilo/virtualterm v1.0.4/go.mod h1:DyxxBZz/x1iqJjFxTFcr6/x+jSpqN0iwWCOK1q10rlY=
github.com/cilium/ebpf v0.12.3 h1:8ht6F9MquybnY97at+VDZb3eQQr8ev79RueWeVaEcG4=
github.com/cilium/ebpf v0.12.3/go.mod h1:TctK1ivibvI3znr66ljgi4hqOT8EYQjz1KWBfb1UVgM=
github.com/clipperhouse/uax29/v2 v2.2.0 h1:ChwIKnQN3kcZteTXMgb1wztSgaU+ZemkgWdohwgs8tY=
github.com/clipperhouse/uax29/v2 v2.2.0/go.mod h1:EFJ2TJMRUaplDxHKj1qAEhCtQPW2tJSwu5BF98AuoVM=
github.com/cloudflare/circl v1.6.4 h1:pOXuDTCEYyzydgUpQ0CQz3LsinKjiSk6nNP5Lt5K64U=
github.com/cloudflare/circl v1.6.4/go.mod h1:YxarevkLlbaHuWsxG6vmYNWBEsSp4pnp7j+4VljMavY=
github.com/cpuguy83/go-md2man/v2 v2.0.6/go.mod h1:oOW0eioCTA6cOiMLiUPZOpcVxMig6NIQQ7OS05n1F4g=
github.com/database64128/netx-go v0.1.1 h1:dT5LG7Gs7zFZBthFBbzWE6K8wAHjSNAaK7wCYZT7NzM=
github.com/database64128/netx-go v0.1.1/go.mod h1:LNlYVipaYkQArRFDNNJ02VkNV+My9A5XR/IGS7sIBQc=
github.com/database64128/tfo-go/v2 v2.3.2 h1:UhZMKiMq3swZGUiETkLBDzQnZBPSAeBMClpJGlnJ5Fw=
github.com/database64128/tfo-go/v2 v2.3.2/go.mod h1:GC3uB5oa4beGpCUbRb2ZOWP73bJJFmMyAVgQSO7r724=
github.com/dustin/go-humanize v1.0.1 h1:GzkhY7T5VNhEkwH0PVJgjz+fX1rhBrR7pRT3mDkpeCY=
github.com/dustin/go-humanize v1.0.1/go.mod h1:Mu1zIs6XwVuF/gI1OepvI0qD18qycQx+mFykh5fBlto=
github.com/fatih/color v1.18.0 h1:S8gINlzdQ840/4pfAwic/ZE0djQEH3wM94VfqLTZcOM=
github.com/fatih/color v1.18.0/go.mod h1:4FelSpRwEGDpQ12mAdzqdOukCy4u8WUtOY6lkT/6HfU=
github.com/florianl/go-nfqueue/v2 v2.1.0 h1:Fywt30TY/evxyDySpXjxQ1jsRW7nQbLpOhELqpr4068=
github.com/florianl/go-nfqueue/v2 v2.1.0/go.mod h1:8PKUM5rYoVFO5IZV1bifx4/b0jHAglKkHXr9PRwzi4Y=
github.com/fsnotify/fsnotify v1.9.0 h1:2Ml+OJNzbYCTzsxtv8vKSFD9PbJjmhYF14k/jKC7S9k=
github.com/fsnotify/fsnotify v1.9.0/go.mod h1:8jBTzvmWwFyi3Pb8djgCCO5IBqzKJ/Jwo8TRcHyHii0=
github.com/ghodss/yaml v1.0.1-0.20220118164431-d8423dcdf344 h1:Arcl6UOIS/kgO2nW3A65HN+7CMjSDP/gofXL4CZt1V4=
github.com/ghodss/yaml v1.0.1-0.20220118164431-d8423dcdf344/go.mod h1:GIjDIg/heH5DOkXY3YJ/wNhfHsQHoXGjl8G8amsYQ1I=
github.com/go-chi/chi/v5 v5.2.5 h1:Eg4myHZBjyvJmAFjFvWgrqDTXFyOzjj7YIm3L3mu6Ug=
github.com/go-chi/chi/v5 v5.2.5/go.mod h1:X7Gx4mteadT3eDOMTsXzmI4/rwUpOwBHLpAfupzFJP0=
github.com/go-chi/render v1.0.3 h1:AsXqd2a1/INaIfUSKq3G5uA8weYx20FOsM7uSoCyyt4=
github.com/go-chi/render v1.0.3/go.mod h1:/gr3hVkmYR0YlEy3LxCuVRFzEu9Ruok+gFqbIofjao0=
github.com/go-jose/go-jose/v4 v4.1.4 h1:moDMcTHmvE6Groj34emNPLs/qtYXRVcd6S7NHbHz3kA=
github.com/go-jose/go-jose/v4 v4.1.4/go.mod h1:x4oUasVrzR7071A4TnHLGSPpNOm2a21K9Kf04k1rs08=
github.com/go-logr/logr v1.4.3 h1:CjnDlHq8ikf6E492q6eKboGOC0T8CDaOvkHCIg8idEI=
github.com/go-logr/logr v1.4.3/go.mod h1:9T104GzyrTigFIr8wt5mBrctHMim0Nb2HLGrmQ40KvY=
github.com/go-logr/stdr v1.2.2 h1:hSWxHoqTgW2S2qGc0LTAI563KZ5YKYRhT3MFKZMbjag=
github.com/go-logr/stdr v1.2.2/go.mod h1:mMo/vtBO5dYbehREoey6XUKy/eSumjCCveDpRre4VKE=
github.com/go-ole/go-ole v1.3.0 h1:Dt6ye7+vXGIKZ7Xtk4s6/xVdGDQynvom7xCFEdWr6uE=
github.com/go-ole/go-ole v1.3.0/go.mod h1:5LS6F96DhAwUc7C+1HLexzMXY1xGRSryjyPPKW6zv78=
github.com/go-sql-driver/mysql v1.8.1 h1:LedoTUt/eveggdHS9qUFC1EFSa8bU2+1pZjSRpvNJ1Y=
github.com/go-sql-driver/mysql v1.8.1/go.mod h1:wEBSXgmK//2ZFJyE+qWnIsVGmvmEKlqwuVSjsCm7DZg=
github.com/gobwas/httphead v0.1.0 h1:exrUm0f4YX0L7EBwZHuCF4GDp8aJfVeBrlLQrs6NqWU=
github.com/gobwas/httphead v0.1.0/go.mod h1:O/RXo79gxV8G+RqlR/otEwx4Q36zl9rqC5u12GKvMCM=
github.com/gobwas/pool v0.2.1 h1:xfeeEhW7pwmX8nuLVlqbzVc7udMDrwetjEv+TZIz1og=
github.com/gobwas/pool v0.2.1/go.mod h1:q8bcK0KcYlCgd9e7WYLm9LpyS+YeLd8JVDW6WezmKEw=
github.com/gocarina/gocsv v0.0.0-20240520201108-78e41c74b4b1 h1:FWNFq4fM1wPfcK40yHE5UO3RUdSNPaBC+j3PokzA6OQ=
github.com/gocarina/gocsv v0.0.0-20240520201108-78e41c74b4b1/go.mod h1:5YoVOkjYAQumqlV356Hj3xeYh4BdZuLE0/nRkf2NKkI=
github.com/godbus/dbus/v5 v5.2.2 h1:TUR3TgtSVDmjiXOgAAyaZbYmIeP3DPkld3jgKGV8mXQ=
github.com/godbus/dbus/v5 v5.2.2/go.mod h1:3AAv2+hPq5rdnr5txxxRwiGjPXamgoIHgz9FPBfOp3c=
github.com/gofrs/uuid/v5 v5.5.1 h1:z1Ce19/JwNidXpy3tOQc3241lnJLKdKyq/xlNvlD4Ng=
github.com/gofrs/uuid/v5 v5.5.1/go.mod h1:bbAA98EoIlxyRHIVg6ektCSsZ5n8mSbwgEhvhMYlZgg=
github.com/golang-jwt/jwt/v5 v5.3.1 h1:kYf81DTWFe7t+1VvL7eS+jKFVWaUnK9cB1qbwn63YCY=
github.com/golang-jwt/jwt/v5 v5.3.1/go.mod h1:fxCRLWMO43lRc8nhHWY6LGqRcf+1gQWArsqaEUEa5bE=
github.com/golang-migrate/migrate/v4 v4.20.1 h1:2N/ToVTKrKl58ynBpgeVJ4In7VcLCjWTZtm4eP1LxhU=
github.com/golang-migrate/migrate/v4 v4.20.1/go.mod h1:DDPgKVb4ovSWc4FwSPfV2Uz1160f4XBiTHTrAJtljmM=
github.com/golang/mock v1.7.0-rc.1 h1:YojYx61/OLFsiv6Rw1Z96LpldJIy31o+UHmwAUMJ6/U=
github.com/golang/mock v1.7.0-rc.1/go.mod h1:s42URUywIqd+OcERslBJvOjepvNymP31m3q8d/GkuRs=
github.com/golang/protobuf v1.5.4 h1:i7eJL8qZTpSEXOPTxNKhASYpMn+8e5Q6AdndVa1dWek=
github.com/golang/protobuf v1.5.4/go.mod h1:lnTiLA8Wa4RWRcIUkrtSVa5nRhsEGBg48fD6rSs7xps=
github.com/google/btree v1.1.3 h1:CVpQJjYgC4VbzxeGVHfvZrv1ctoYCAI8vbl07Fcxlyg=
github.com/google/btree v1.1.3/go.mod h1:qOPhT0dTNdNzV6Z/lhRX0YXUafgPLFUh+gZMl761Gm4=
github.com/google/go-cmp v0.6.0/go.mod h1:17dUlkBOakJ0+DkrSSNjCkIjxS6bF9zb3elmeNGIjoY=
github.com/google/go-cmp v0.7.0 h1:wk8382ETsv4JYUZwIsn6YpYiWiBsYLSJiTsyBybVuN8=
github.com/google/go-cmp v0.7.0/go.mod h1:pXiqmnSA92OHEEa9HXL2W4E7lf9JzCmGVUdgjX3N/iU=
github.com/google/go-querystring v1.2.0 h1:yhqkPbu2/OH+V9BfpCVPZkNmUXhb2gBxJArfhIxNtP0=
github.com/google/go-querystring v1.2.0/go.mod h1:8IFJqpSRITyJ8QhQ13bmbeMBDfmeEJZD5A0egEOmkqU=
github.com/google/gopacket v1.1.19 h1:ves8RnFZPGiFnTS0uPQStjwru6uO6h+nlr9j6fL7kF8=
github.com/google/gopacket v1.1.19/go.mod h1:iJ8V8n6KS+z2U1A8pUwu8bW5SyEMkXJB8Yo/Vo+TKTo=
github.com/google/pprof v0.0.0-20260802141513-ef3492d7dac3 h1:LMLX+LgTNWpfvCBdFebv6EsYotImrt/Ppc5cXIriCSo=
github.com/google/pprof v0.0.0-20260802141513-ef3492d7dac3/go.mod h1:jl5iWTm0/hd5PjEYEOuwAJ57L/CibdZfrqZ5XA5GrCk=
github.com/google/uuid v1.6.0 h1:NIvaJDMOsjHA8n1jAhLSgzrAzy1Hgr+hNrb57e+94F0=
github.com/google/uuid v1.6.0/go.mod h1:TIyPZe4MgqvfeYDBFedMoGGpEw/LqOeaOT+nhxU+yHo=
github.com/gorilla/websocket v1.5.3 h1:saDtZ6Pbx/0u+bgYQ3q96pZgCzfhKXGPqt7kZ72aNNg=
github.com/gorilla/websocket v1.5.3/go.mod h1:YR8l580nyteQvAITg2hZ9XVh4b55+EU/adAjf1fMHhE=
github.com/hashicorp/golang-lru/v2 v2.0.7 h1:a+bsQ5rvGLjzHuww6tVxozPZFVghXaHOwFs4luLUK2k=
github.com/hashicorp/golang-lru/v2 v2.0.7/go.mod h1:QeFd9opnmA6QUJc5vARoKUSoFhyfM2/ZepoAG6RGpeM=
github.com/hashicorp/yamux v0.1.2 h1:XtB8kyFOyHXYVFnwT5C3+Bdo8gArse7j2AQ0DA0Uey8=
github.com/hashicorp/yamux v0.1.2/go.mod h1:C+zze2n6e/7wshOZep2A70/aQU6QBRWJO/G6FT1wIns=
github.com/huin/goupnp v1.3.0 h1:UvLUlWDNpoUdYzb2TCn+MuTWtcjXKSza2n6CBdQ0xXc=
github.com/huin/goupnp v1.3.0/go.mod h1:gnGPsThkYa7bFi/KWmEysQRf48l2dvR5bxr2OFckNX8=
github.com/icholy/digest v1.2.0 h1:oTbG4IsNOmidJ+421ehG7Ty93yt1yotq13kFMG569yw=
github.com/icholy/digest v1.2.0/go.mod h1:1P1+LzUv48ybX7bu8tVpZ2QWdd+xRuePNuGawHjwRUE=
github.com/imroc/req/v3 v3.61.0 h1:JTfaJFkTFAfrG0r1mB6NkkAG+rx+DU8a0UctB0RR8yU=
github.com/imroc/req/v3 v3.61.0/go.mod h1:zbKPxxawfwa0RmYp7Nm8yh5cCBD/7W/ho3tp3tqEnPc=
github.com/inconshreveable/mousetrap v1.1.0 h1:wN+x4NVGpMsO7ErUn/mUI3vEoE6Jt13X2s0bqwp9tc8=
github.com/inconshreveable/mousetrap v1.1.0/go.mod h1:vpF70FUmC8bwa3OWnCshd2FqLfsEA9PFc4w1p2J65bw=
github.com/jackpal/go-nat-pmp v1.0.2 h1:KzKSgb7qkJvOUTqYl9/Hg/me3pWgBmERKrTGD7BdWus=
github.com/jackpal/go-nat-pmp v1.0.2/go.mod h1:QPH045xvCAeXUZOxsnwmrtiCoxIr9eob+4orBN1SBKc=
github.com/jmoiron/sqlx v1.4.0 h1:1PLqN7S1UYp5t4SrVVnt4nUVNemrDAtxlulVe+Qgm3o=
github.com/jmoiron/sqlx v1.4.0/go.mod h1:ZrZ7UsYB/weZdl2Bxg6jCRO9c3YHl8r3ahlKmRT4JLY=
github.com/jsimonetti/rtnetlink v1.4.1 h1:JfD4jthWBqZMEffc5RjgmlzpYttAVw1sdnmiNaPO3hE=
github.com/jsimonetti/rtnetlink v1.4.1/go.mod h1:xJjT7t59UIZ62GLZbv6PLLo8VFrostJMPBAheR6OM8w=
github.com/jsimonetti/rtnetlink/v2 v2.2.0 h1:/KfZ310gOAFrXXol5VwnFEt+ucldD/0dsSRZwpHCP9w=
github.com/jsimonetti/rtnetlink/v2 v2.2.0/go.mod h1:lbjDHxC+5RJ08lzPeA90Ls2pEoId3F08MoEMlhfHxeI=
github.com/juju/ratelimit v1.0.2 h1:sRxmtRiajbvrcLQT7S+JbqU0ntsb9W2yhSdNN8tWfaI=
github.com/juju/ratelimit v1.0.2/go.mod h1:qapgC/Gy+xNh9UxzV13HGGl/6UXNN+ct+vwSgWNm/qk=
github.com/klauspost/compress v1.19.2 h1:hMRETovs/pu/dVWN7zIT1PGG8t509MwT6bO7XSi26R8=
github.com/klauspost/compress v1.19.2/go.mod h1:cwPg85FWrGar70rWktvGQj8/hthj3wpl0PGDogxkrSQ=
github.com/klauspost/cpuid/v2 v2.4.0 h1:S6Hrbc7+ywsr0r+RLapfGBHfyefhCTwEh3A0tV913Dw=
github.com/klauspost/cpuid/v2 v2.4.0/go.mod h1:19jmZ9mjzoF//ddRSUsv0zfBTJWh3QJh9FNxZTMrGxU=
github.com/koron/go-ssdp v0.0.4 h1:1IDwrghSKYM7yLf7XCzbByg2sJ/JcNOZRXS2jczTwz0=
github.com/koron/go-ssdp v0.0.4/go.mod h1:oDXq+E5IL5q0U8uSBcoAXzTzInwy5lEgC91HoKtbmZk=
github.com/kr/pretty v0.3.1 h1:flRD4NNwYAUpkphVc1HcthR4KEIFJ65n8Mw5qdRn3LE=
github.com/kr/pretty v0.3.1/go.mod h1:hoEshYVHaxMs3cyo3Yncou5ZscifuDolrwPKZanG3xk=
github.com/kr/text v0.2.0 h1:5Nx0Ya0ZqY2ygV366QzturHI13Jq95ApcVaJBhpS+AY=
github.com/kr/text v0.2.0/go.mod h1:eLer722TekiGuMkidMxC/pM04lWEeraHUUmBw8l2grE=
github.com/letsencrypt/challtestsrv v1.4.2 h1:0ON3ldMhZyWlfVNYYpFuWRTmZNnyfiL9Hh5YzC3JVwU=
github.com/letsencrypt/challtestsrv v1.4.2/go.mod h1:GhqMqcSoeGpYd5zX5TgwA6er/1MbWzx/o7yuuVya+Wk=
github.com/letsencrypt/pebble/v2 v2.10.0 h1:Wq6gYXlsY6ubqI3hhxsTzdyotvfdjFBxuwYqCLCnj/U=
github.com/letsencrypt/pebble/v2 v2.10.0/go.mod h1:Sk8cmUIPcIdv2nINo+9PB4L+ZBhzY+F9A1a/h/xmWiQ=
github.com/lib/pq v1.10.9 h1:YXG7RB+JIjhP29X+OtkiDnYaXQwpS4JEWq7dtCCRUEw=
github.com/lib/pq v1.10.9/go.mod h1:AlVN5x4E4T544tWzH6hKfbfQvm3HdbOxrmggDNAPY9o=
github.com/libdns/acmedns v0.5.0 h1:5pRtmUj4Lb/QkNJSl1xgOGBUJTWW7RjpNaIhjpDXjPE=
github.com/libdns/acmedns v0.5.0/go.mod h1:X7UAFP1Ep9NpTwWpVlrZzJLR7epynAy0wrIxSPFgKjQ=
github.com/libdns/alidns v1.0.6 h1:/Ii428ty6WHFJmE24rZxq2taq++gh7rf9jhgLfp8PmM=
github.com/libdns/alidns v1.0.6/go.mod h1:RECwyQ88e9VqQVtSrvX76o1ux3gQUKGzMgxICi+u7Ec=
github.com/libdns/cloudflare v0.2.2 h1:XWHv+C1dDcApqazlh08Q6pjytYLgR2a+Y3xrXFu0vsI=
github.com/libdns/cloudflare v0.2.2/go.mod h1:w9uTmRCDlAoafAsTPnn2nJ0XHK/eaUMh86DUk8BWi60=
github.com/libdns/libdns v1.1.1 h1:wPrHrXILoSHKWJKGd0EiAVmiJbFShguILTg9leS/P/U=
github.com/libdns/libdns v1.1.1/go.mod h1:4Bj9+5CQiNMVGf87wjX4CY3HQJypUHRuLvlsfsZqLWQ=
github.com/libp2p/go-nat v1.0.1-0.20250821073202-01afc089f138 h1:YohuNPT/1k3VcThCQlBZ43PCPWPfMRS1zcxWBF2SLK8=
github.com/libp2p/go-nat v1.0.1-0.20250821073202-01afc089f138/go.mod h1:TXQg5tfSy+bUjnhT5728j5j/MBj7keIYqqZ1+8k/ui8=
github.com/libp2p/go-netroute v0.2.1 h1:V8kVrpD8GK0Riv15/7VN6RbUQ3URNZVosw7H2v9tksU=
github.com/libp2p/go-netroute v0.2.1/go.mod h1:hraioZr0fhBjG0ZRXJJ6Zj2IVEVNx6tDTFQfSmcq7mQ=
github.com/logrusorgru/aurora v2.0.3+incompatible h1:tOpm7WcpBTn4fjmVfgpQq0EfczGlG91VSDkswnjF5A8=
github.com/logrusorgru/aurora v2.0.3+incompatible/go.mod h1:7rIyQOR62GCctdiQpZ/zOJlFyk6y+94wXzv6RNZgaR4=
github.com/mattn/go-colorable v0.1.13 h1:fFA4WZxdEF4tXPZVKMLwD8oUnCTTo08duU7wxecdEvA=
github.com/mattn/go-colorable v0.1.13/go.mod h1:7S9/ev0klgBDR4GtXTXX8a3vIGJpMovkB8vQcUbaXHg=
github.com/mattn/go-isatty v0.0.16/go.mod h1:kYGgaQfpe5nmfYZH+SKPsOc2e4SrIfOl2e/yFXSvRLM=
github.com/mattn/go-isatty v0.0.24 h1:tGZZoVgT/KiqK1c8ocVLeDS8BSWMRd47J3Lbz7vsReI=
github.com/mattn/go-isatty v0.0.24/go.mod h1:nMCL3Zebbrt45jsMDgnfIwz6ydEQApk5oEI3HqDio6A=
github.com/mattn/go-runewidth v0.0.27 h1:Feg/Oou5zI/wnpgDF6omIU0OokC9GxLC/WRknhVlIR0=
github.com/mattn/go-runewidth v0.0.27/go.mod h1:3qAiGCV4Koz/yuveO58qUefmUTRm8r0IGEXZ9jeHp/8=
github.com/mattn/go-sqlite3 v1.14.22 h1:2gZY6PC6kBnID23Tichd1K+Z0oS6nE/XwU+Vz/5o4kU=
github.com/mattn/go-sqlite3 v1.14.22/go.mod h1:Uh1q+B4BYcTPb+yiD3kU8Ct7aC0hY9fxUwlHK0RXw+Y=
github.com/mdlayher/netlink v1.11.2 h1:HKh2jqe+omdSWcQ88nrT7INE61B0NXfiSPFdgL4YbNI=
github.com/mdlayher/netlink v1.11.2/go.mod h1:uT2Yc/QLaZubzDpZIBi9d4GoeLwtp3x1AMeqSRrK2sA=
github.com/mdlayher/socket v0.6.0 h1:ScZPaAGyO1icQnbFrhPM8mnXyMu9qukC1K4ZoM2IQKU=
github.com/mdlayher/socket v0.6.0/go.mod h1:q7vozUAnxSqnjHc12Fik5yUKIzfZ8ITCfMkhOtE9z18=
github.com/metacubex/utls v1.8.7 h1:Cp+yWkNTFkSihETgGWq34hlVFds5HpYWVOR1xovUVTs=
github.com/metacubex/utls v1.8.7/go.mod h1:kncGGVhFaoGn5M3pFe3SXhZCzsbCJayNOH4UEqTKTko=
github.com/mholt/acmez/v3 v3.1.6 h1:eGVQNObP0pBN4sxqrXeg7MYqTOWyoiYpQqITVWlrevk=
github.com/mholt/acmez/v3 v3.1.6/go.mod h1:5nTPosTGosLxF3+LU4ygbgMRFDhbAVpqMI4+a4aHLBY=
github.com/miekg/dns v1.1.72 h1:vhmr+TF2A3tuoGNkLDFK9zi36F2LS+hKTRW0Uf8kbzI=
github.com/miekg/dns v1.1.72/go.mod h1:+EuEPhdHOsfk6Wk5TT2CzssZdqkmFhf8r+aVyDEToIs=
github.com/mitchellh/colorstring v0.0.0-20190213212951-d06e56a500db h1:62I3jR2EmQ4l5rM/4FEfDWcRD+abF5XlKShorW5LRoQ=
github.com/mitchellh/colorstring v0.0.0-20190213212951-d06e56a500db/go.mod h1:l0dey0ia/Uv7NcFFVbCLtqEBQbrT4OCwCSKTEv6enCw=
github.com/ncruces/go-strftime v1.0.0 h1:HMFp8mLCTPp341M/ZnA4qaf7ZlsbTc+miZjCLOFAw7w=
github.com/ncruces/go-strftime v1.0.0/go.mod h1:Fwc5htZGVVkseilnfgOVb9mKy6w1naJmn9CehxcKcls=
github.com/pelletier/go-toml v1.9.5 h1:4yBQzkHv+7BHq2PQUZF3Mx0IYxG7LsP222s7Agd3ve8=
github.com/pelletier/go-toml v1.9.5/go.mod h1:u1nR/EPcESfeI/szUZKdtJ0xRNbUoANCkoOuaOx1Y+c=
github.com/pion/dtls/v3 v3.1.5 h1:9xJtVsHwMYeSjPp5Hh1FTis4DchnQWtnOa5o+6ygqfc=
github.com/pion/dtls/v3 v3.1.5/go.mod h1:gz1K4jg6c+fq86oQMH4pilpCEOEPwmEr2jY+VcF/mkU=
github.com/pion/logging v0.2.4 h1:tTew+7cmQ+Mc1pTBLKH2puKsOvhm32dROumOZ655zB8=
github.com/pion/logging v0.2.4/go.mod h1:DffhXTKYdNZU+KtJ5pyQDjvOAh/GsNSyv1lbkFbe3so=
github.com/pion/stun/v3 v3.1.6 h1:WnhsD0eHCiwCfKNkVx0VJJwr2Y3eV4Ueih3KJ+dfZy8=
github.com/pion/stun/v3 v3.1.6/go.mod h1:zRUghXSQU32Lx5orJsz3uYMkIihweXb3mu5gIns02fs=
github.com/pion/transport/v4 v4.0.2 h1:ifYlPqNwsy6aKQ9y8yzxXlHae5431ZrH2avkD/Rn6Tk=
github.com/pion/transport/v4 v4.0.2/go.mod h1:06hFI+jCFcok2X2MekVufNZ/uzNZXivGBPfviSVcjgM=
github.com/pires/go-proxyproto v0.15.0 h1:dTshmNbFm/D+0+sbrxUuddPOZ5Y0B7c5NhtsBkm6LqI=
github.com/pires/go-proxyproto v0.15.0/go.mod h1:OXsCrKwrK2tXS9YrI5tkHx5xaQlO8FH3lFW76orFh24=
github.com/quic-go/go-ossfuzz-seeds v0.1.0 h1:APacT+iIaNF6fd8AGEiN3bT/Jtkd2jz4v4TzM7MFjy0=
github.com/quic-go/go-ossfuzz-seeds v0.1.0/go.mod h1:3IOHRbJIc+L6YKMwfDtJAM9Vj9k0YY4muhuyUYk5tbk=
github.com/quic-go/qpack v0.6.0 h1:g7W+BMYynC1LbYLSqRt8PBg5Tgwxn214ZZR34VIOjz8=
github.com/quic-go/qpack v0.6.0/go.mod h1:lUpLKChi8njB4ty2bFLX2x4gzDqXwUpaO1DP9qMDZII=
github.com/quic-go/quic-go v0.61.0 h1:ui88A53s8MSVYLC56en0KQ17HARk+9986Dn0SBfKNvA=
github.com/quic-go/quic-go v0.61.0/go.mod h1:9So2anK4Tp22URSQq00k+Vo2PNkle96ycDPDHL4s9vs=
github.com/refraction-networking/utls v1.8.3-0.20260301010127-aa6edf4b11af h1:er2acxbi3N1nvEq6HXHUAR1nTWEJmQfqiGR8EVT9rfs=
github.com/refraction-networking/utls v1.8.3-0.20260301010127-aa6edf4b11af/go.mod h1:jkSOEkLqn+S/jtpEHPOsVv/4V4EVnelwbMQl4vCWXAM=
github.com/remyoudompheng/bigfft v0.0.0-20230129092748-24d4a6f8daec h1:W09IVJc94icq4NjY3clb7Lk8O1qJ8BdBEF8z0ibU0rE=
github.com/remyoudompheng/bigfft v0.0.0-20230129092748-24d4a6f8daec/go.mod h1:qqbHyh8v60DhA7CoWK5oRCqLrMHRGoxYCSS9EjAz6Eo=
github.com/rivo/uniseg v0.4.7 h1:WUdvkW8uEhrYfLC4ZzdpI2ztxP1I582+49Oc5Mq64VQ=
github.com/rivo/uniseg v0.4.7/go.mod h1:FN3SvrM+Zdj16jyLfmOkMNblXMcoc8DfTHruCPUcx88=
github.com/robfig/cron/v3 v3.0.1 h1:WdRxkvbJztn8LMz/QEvLN5sBU+xKpSqwwUO1Pjr4qDs=
github.com/robfig/cron/v3 v3.0.1/go.mod h1:eQICP3HwyT7UooqI/z+Ov+PtYAWygg1TEWWzGIFLtro=
github.com/rogpeppe/go-internal v1.10.0 h1:TMyTOH3F/DB16zRVcYyreMH6GnZZrwQVAoYjRBZyWFQ=
github.com/rogpeppe/go-internal v1.10.0/go.mod h1:UQnix2H7Ngw/k4C5ijL5+65zddjncjaFoBhdsK/akog=
github.com/russross/blackfriday/v2 v2.1.0/go.mod h1:+Rmxgy9KzJVeS9/2gXHxylqXiyQDYRxCVz55jmeOWTM=
github.com/sagernet/bbolt v0.0.0-20260823094646-e24805439c9c h1:JdEDkgiwsDxiZb4+dQYgVOU/lND+jZxFmN5y/q49EXk=
github.com/sagernet/bbolt v0.0.0-20260823094646-e24805439c9c/go.mod h1:7/qFPFH5fqK5XQeY8EA1Qpaly08Av77p38Zt50ieQww=
github.com/sagernet/fswatch v0.1.2 h1:/TT7k4mkce1qFPxamLO842WjqBgbTBiXP2mlUjp9PFk=
github.com/sagernet/fswatch v0.1.2/go.mod h1:5BpGmpUQVd3Mc5r313HRpvADHRg3/rKn5QbwFteB880=
github.com/sagernet/gvisor v0.0.0-20260727.0-sing-box-mod.1 h1:IdQ7yTKkB2wv8txwshxUroPlO4npOYAV71xb7xQ7Lys=
github.com/sagernet/gvisor v0.0.0-20260727.0-sing-box-mod.1/go.mod h1:9O3SQskYuCfdHNvHEsWuEAgoyKEF74PiWp4NsNUia8g=
github.com/sagernet/netlink v0.0.0-20260814022025-64455d367bbf h1:b/3rm+KvxzuYRcnMdLq/hmcqX6/2B8k24l6SDHL2Piw=
github.com/sagernet/netlink v0.0.0-20260814022025-64455d367bbf/go.mod h1:xLnfdiJbSp8rNqYEdIW/6eDO4mVoogml14Bh2hSiFpM=
github.com/sagernet/nftables v0.3.0-mod.4 h1:vnOtcDYeSXv2e5RoRuGH0lrpttQFJ8iC4ICS2nhlDSo=
github.com/sagernet/nftables v0.3.0-mod.4/go.mod h1:8kslHG4VvYNihcco+i6uxIX7qbT8A56T0y5q7U44ZaQ=
github.com/sagernet/quic-go v0.61.0-sing-box-mod.7 h1:sW2O+DoNF+my1PGlSZ3zG2N+fdxLR3DC0l4sXCM0lBE=
github.com/sagernet/quic-go v0.61.0-sing-box-mod.7/go.mod h1:hmLC8GJPp+BrpBgrgJnacvI4fZGIhasuy1ROJJ8GR4E=
github.com/sagernet/sing v0.9.0-beta.4 h1:DYoEzb3FeCZ9bA66hJmL0NFDXckZpa4oYF/VpbFJEkE=
github.com/sagernet/sing v0.9.0-beta.4/go.mod h1:K3Owt3xPhHugvlnlPPxZJ/exXdaJfEPOTNorGk4AXjo=
github.com/sagernet/sing-box v1.14.0 h1:c2x4MxM4ZJ2i11W2UiAeRJULJDSeOAF/W7Wl5F7eORg=
github.com/sagernet/sing-box v1.14.0/go.mod h1:CN1I6jgtUwF1ON5dmUrq9JVdKFXrhY4scZyjE1rihs8=
github.com/sagernet/sing-mux v0.3.5 h1:RHnhVEc+SFqkrK4xMygYjDwwLhzp2Bj3lztSukONfhI=
github.com/sagernet/sing-mux v0.3.5/go.mod h1:QvlKMyNBNrQoyX4x+gq028uPbLM2XeRpWtDsWBJbFSk=
github.com/sagernet/sing-quic v0.7.0-beta.4 h1:frzDiZqUbT0yLVaVfgaLtoVQ/zGa3xIsDTHP+aSM/W8=
github.com/sagernet/sing-quic v0.7.0-beta.4/go.mod h1:rJFeVxbEej2iuyeCJ3drKW+p5rOgtLIW3XhZ6ty7Fig=
github.com/sagernet/sing-shadowsocks v0.2.8 h1:PURj5PRoAkqeHh2ZW205RWzN9E9RtKCVCzByXruQWfE=
github.com/sagernet/sing-shadowsocks v0.2.8/go.mod h1:lo7TWEMDcN5/h5B8S0ew+r78ZODn6SwVaFhvB6H+PTI=
github.com/sagernet/sing-shadowsocks2 v0.2.1 h1:dWV9OXCeFPuYGHb6IRqlSptVnSzOelnqqs2gQ2/Qioo=
github.com/sagernet/sing-shadowsocks2 v0.2.1/go.mod h1:RnXS0lExcDAovvDeniJ4IKa2IuChrdipolPYWBv9hWQ=
github.com/sagernet/sing-tun v0.9.0-beta.4 h1:gIIZU4HevhtTQubZiOdMD0/RnECD6csl2kG6666KYmQ=
github.com/sagernet/sing-tun v0.9.0-beta.4/go.mod h1:3EgPst7agntRO7D6GOsiZ1l9FoqdLeuWmKT5TnWkmf0=
github.com/sagernet/sing-usbip v0.0.0-20260817040617-28bd42667eca h1:5wA+IE0Fq1CGVLOgSpm0gKKZ03HzugcJ2JyhmDqeX6A=
github.com/sagernet/sing-usbip v0.0.0-20260817040617-28bd42667eca/go.mod h1:ADAZZU85MnM91XNhd2TdZRTaIbA7RjTZuQ1KCHcUbNg=
github.com/sagernet/sing-vmess v0.2.8-0.20250909125414-3aed155119a1 h1:aSwUNYUkVyVvdmBSufR8/nRFonwJeKSIROxHcm5br9o=
github.com/sagernet/sing-vmess v0.2.8-0.20250909125414-3aed155119a1/go.mod h1:P11scgTxMxVVQ8dlM27yNm3Cro40mD0+gHbnqrNGDuY=
github.com/sagernet/smux v1.5.50-sing-box-mod.1 h1:XkJcivBC9V4wBjiGXIXZ229aZCU1hzcbp6kSkkyQ478=
github.com/sagernet/smux v1.5.50-sing-box-mod.1/go.mod h1:NjhsCEWedJm7eFLyhuBgIEzwfhRmytrUoiLluxs5Sk8=
github.com/sagernet/wireguard-go v0.0.5-0.20260823125007-8bd032a91a30 h1:Z9QAr893OvR9qDHvxYTsYZhpvqwcc0LWbJ4ECg/eBgg=
github.com/sagernet/wireguard-go v0.0.5-0.20260823125007-8bd032a91a30/go.mod h1:er10sELpmzLXq7S7Pbc1Zsbyapcr+/gxNAHKTo6fzVA=
github.com/sagernet/ws v0.0.0-20231204124109-acfe8907c854 h1:6uUiZcDRnZSAegryaUGwPC/Fj13JSHwiTftrXhMmYOc=
github.com/sagernet/ws v0.0.0-20231204124109-acfe8907c854/go.mod h1:LtfoSK3+NG57tvnVEHgcuBW9ujgE8enPSgzgwStwCAA=
github.com/schollz/progressbar/v3 v3.19.0 h1:Ea18xuIRQXLAUidVDox3AbwfUhD0/1IvohyTutOIFoc=
github.com/schollz/progressbar/v3 v3.19.0/go.mod h1:IsO3lpbaGuzh8zIMzgY3+J8l4C8GjO0Y9S69eFvNsec=
github.com/spf13/cobra v1.10.2 h1:DMTTonx5m65Ic0GOoRY2c16WCbHxOOw6xxezuLaBpcU=
github.com/spf13/cobra v1.10.2/go.mod h1:7C1pvHqHw5A4vrJfjNwvOdzYu0Gml16OCs2GRiTUUS4=
github.com/spf13/pflag v1.0.9/go.mod h1:McXfInJRrz4CZXVZOBLb0bTZqETkiAhM9Iw0y3An2Bg=
github.com/spf13/pflag v1.0.10 h1:4EBh2KAYBwaONj6b2Ye1GiHfwjqyROoF4RwYO+vPwFk=
github.com/spf13/pflag v1.0.10/go.mod h1:McXfInJRrz4CZXVZOBLb0bTZqETkiAhM9Iw0y3An2Bg=
github.com/stretchr/testify v1.12.0 h1:K6Mr6jO9JICuend/5xzTM03ydSV3vdNRYAdPSukj8uI=
github.com/stretchr/testify v1.12.0/go.mod h1:bOYBZb5qJ00vPzWfIqBUZPaxK8jWiXc6d3ErP4Ca9Gw=
github.com/vishvananda/netlink v1.3.1 h1:3AEMt62VKqz90r0tmNhog0r/PpWKmrEShJU0wJW6bV0=
github.com/vishvananda/netlink v1.3.1/go.mod h1:ARtKouGSTGchR8aMwmkzC0qiNPrrWO5JS/XMVl45+b4=
github.com/vishvananda/netns v0.0.5 h1:DfiHV+j8bA32MFM7bfEunvT8IAqQ/NzSJHtcmW5zdEY=
github.com/vishvananda/netns v0.0.5/go.mod h1:SpkAiCQRtJ6TvvxPnOSyH3BMl6unz3xZlaprSwhNNJM=
github.com/wlynxg/anet v0.0.5 h1:J3VJGi1gvo0JwZ/P1/Yc/8p63SoW98B5dHkYDmpgvvU=
github.com/wlynxg/anet v0.0.5/go.mod h1:eay5PRQr7fIVAMbTbchTnO9gG65Hg/uYGdc7mguHxoA=
github.com/xtls/reality v0.0.0-20260322125925-9234c772ba8f h1:iy2JRioxmUpoJ3SzbFPyTxHZMbR/rSHP7dOOgYaq1O8=
github.com/xtls/reality v0.0.0-20260322125925-9234c772ba8f/go.mod h1:DsJblcWDGt76+FVqBVwbwRhxyyNJsGV48gJLch0OOWI=
github.com/xtls/xray-core v1.260327.1-0.20260711155151-50231eaff98c h1:SbB1ez0bqZllbzaVj0PC+Vje3dRA8m/7jW1ussjDSgM=
github.com/xtls/xray-core v1.260327.1-0.20260711155151-50231eaff98c/go.mod h1:Jts8yHqPCpvsdL5CW5xMd8H9d2fkg1cILeBNqEwRXNw=
github.com/xyproto/randomstring v1.2.0 h1:y7PXAEBM3XlwJjPG2JQg4voxBYZ4+hPgRdGKCfU8wik=
github.com/xyproto/randomstring v1.2.0/go.mod h1:rgmS5DeNXLivK7YprL0pY+lTuhNQW3iGxZ18UQApw/E=
github.com/zeebo/assert v1.1.0 h1:hU1L1vLTHsnO8x8c9KAR5GmM5QscxHg5RNU5z5qbUWY=
github.com/zeebo/assert v1.1.0/go.mod h1:Pq9JiuJQpG8JLJdtkwrJESF0Foym2/D9XMU5ciN/wJ0=
github.com/zeebo/blake3 v0.2.4 h1:KYQPkhpRtcqh0ssGYcKLG1JYvddkEA8QwCM/yBqhaZI=
github.com/zeebo/blake3 v0.2.4/go.mod h1:7eeQ6d2iXWRGF6npfaxl2CU+xy2Fjo2gxeyZGCRUjcE=
github.com/zeebo/pcg v1.0.1 h1:lyqfGeWiv4ahac6ttHs+I5hwtH/+1mrhlCtVNQM2kHo=
github.com/zeebo/pcg v1.0.1/go.mod h1:09F0S9iiKrwn9rlI5yjLkmrug154/YRW6KnnXVDM/l4=
go.opentelemetry.io/auto/sdk v1.2.1 h1:jXsnJ4Lmnqd11kwkBV2LgLoFMZKizbCi5fNZ/ipaZ64=
go.opentelemetry.io/auto/sdk v1.2.1/go.mod h1:KRTj+aOaElaLi+wW1kO/DZRXwkF4C5xPbEe3ZiIhN7Y=
go.opentelemetry.io/otel v1.44.0 h1:JjwHmHpA4iZ3wBxluu2fbbE7j4kqlE8jXyAyPXH7HqU=
go.opentelemetry.io/otel v1.44.0/go.mod h1:BMgjTHL9WPRlRjL2oZCBTL4whCGtXch2H4BhOPIAyYc=
go.opentelemetry.io/otel/metric v1.44.0 h1:1w0gILTcHdr3YI+ixLyjemwrVnsMURbTZFrSYCdDdmc=
go.opentelemetry.io/otel/metric v1.44.0/go.mod h1:8O7hanEPBNgEMmybD3s2VBKcgWOCsA6tzHBPODAiquo=
go.opentelemetry.io/otel/sdk v1.44.0 h1:nHYwb9lK+fJPU/dnT6s7W7Z8itMWyqrnVfbheVYrZ58=
go.opentelemetry.io/otel/sdk v1.44.0/go.mod h1:Osuydd3Se74nqjAKxid74N5eC+jfEqfTegHRnq58oK0=
go.opentelemetry.io/otel/sdk/metric v1.44.0 h1:3LlKgI+VjbVsjNRFZJZAJ30WjXC5VkNRks6si09iEfI=
go.opentelemetry.io/otel/sdk/metric v1.44.0/go.mod h1:5B5pMARnXxKhltooO4xUuCBorl65a4EpnTalObqOigA=
go.opentelemetry.io/otel/trace v1.44.0 h1:jxF5CsGYCe74MCRx2X4g7WsY/VBKRqqpNvXlX/6gtIk=
go.opentelemetry.io/otel/trace v1.44.0/go.mod h1:oLl1jrMQAVo6v3GAggN+1VH9VIz9iUSvW53sW1Q8PIE=
go.uber.org/goleak v1.3.0 h1:2K3zAYmnTNqV73imy9J1T3WC+gmCePx2hEGkimedGto=
go.uber.org/goleak v1.3.0/go.mod h1:CoHD4mav9JJNrW/WLlf7HGZPjdw8EucARQHekz1X6bE=
go.uber.org/mock v0.6.0 h1:hyF9dfmbgIX5EfOdasqLsWD6xqpNZlXblLB/Dbnwv3Y=
go.uber.org/mock v0.6.0/go.mod h1:KiVJ4BqZJaMj4svdfmHM0AUx4NJYO8ZNpPnZn1Z+BBU=
go.uber.org/multierr v1.11.0 h1:blXXJkSxSSfBVBlC76pxqeO+LN3aDfLQo+309xJstO0=
go.uber.org/multierr v1.11.0/go.mod h1:20+QtiLqy0Nd6FdQB9TLXag12DsQkrbs3htMFfDN80Y=
go.uber.org/zap v1.27.1 h1:08RqriUEv8+ArZRYSTXy1LeBScaMpVSTBhCeaZYfMYc=
go.uber.org/zap v1.27.1/go.mod h1:GB2qFLM7cTU87MWRP2mPIjqfIDnGu+VIO4V/SdhGo2E=
go.uber.org/zap/exp v0.3.0 h1:6JYzdifzYkGmTdRR59oYH+Ng7k49H9qVpWwNSsGJj3U=
go.uber.org/zap/exp v0.3.0/go.mod h1:5I384qq7XGxYyByIhHm6jg5CHkGY0nsTfbDLgDDlgJQ=
go.yaml.in/yaml/v3 v3.0.4/go.mod h1:DhzuOOF2ATzADvBadXxruRBLzYTpT36CKvDb3+aBEFg=
go4.org/netipx v0.0.0-20231129151722-fdeea329fbba h1:0b9z3AuHCjxk0x/opv64kcgZLBseWJUpBw5I82+2U4M=
go4.org/netipx v0.0.0-20231129151722-fdeea329fbba/go.mod h1:PLyyIXexvUFg3Owu6p/WfdlivPbZJsZdgWZlrGope/Y=
golang.org/x/crypto v0.0.0-20190308221718-c2843e01d9a2/go.mod h1:djNgcEr1/C05ACkg1iLfiJU5Ep61QUkGW8qpdssI0+w=
golang.org/x/crypto v0.0.0-20191011191535-87dc89f01550/go.mod h1:yigFU9vqHzYiE8UmvKecakEJjdnWj3jj499lnFckfCI=
golang.org/x/crypto v0.55.0 h1:+KWHjbgOaAQ66dh/YlkZKHlz9ZUlq61AFirAR9ntP8M=
golang.org/x/crypto v0.55.0/go.mod h1:uq0V9dE/fzQuJtbnL+2EhWOE63vo164FY8xqEnV9xis=
golang.org/x/exp v0.0.0-20260410095643-746e56fc9e2f h1:W3F4c+6OLc6H2lb//N1q4WpJkhzJCK5J6kUi1NTVXfM=
golang.org/x/exp v0.0.0-20260410095643-746e56fc9e2f/go.mod h1:J1xhfL/vlindoeF/aINzNzt2Bket5bjo9sdOYzOsU80=
golang.org/x/lint v0.0.0-20200302205851-738671d3881b/go.mod h1:3xt1FjdF8hUf6vQPIChWIBhFzV8gjjsPE/fR3IyQdNY=
golang.org/x/mod v0.1.1-0.20191105210325-c90efee705ee/go.mod h1:QqPTAvyqsEbceGzBzNggFXnrqF1CaUcvgkdR5Ot7KZg=
golang.org/x/mod v0.38.0 h1:MECBjubtXD7yj4HrhIUcywNaGeNVUdfVnxmPajOk4yk=
golang.org/x/mod v0.38.0/go.mod h1:V6Xz0pq8TQ3dGqVQ1FVHuelZpAL0uNhSkk9ogYP3c40=
golang.org/x/net v0.0.0-20190404232315-eb5bcb51f2a3/go.mod h1:t9HGtf8HONx5eT2rtn7q6eTqICYqUVnKs3thJo3Qplg=
golang.org/x/net v0.0.0-20190620200207-3b0461eec859/go.mod h1:z5CRVTTTmAJ677TzLLGU+0bjPO0LkuOLi4/5GtJWs/s=
golang.org/x/net v0.57.0 h1:K5+3DljvIuDG9/Jv9rvyMywYNFCQ9RSUY6OOTTkT+tE=
golang.org/x/net v0.57.0/go.mod h1:KpXc8iv+r3XplLAG/f7Jsf9RPszJzdR0f58q9vGOuEU=
golang.org/x/sync v0.0.0-20190423024810-112230192c58/go.mod h1:RxMgew5VJxzue5/jJTE5uejpjVlOe/izrB70Jof72aM=
golang.org/x/sync v0.0.0-20210220032951-036812b2e83c/go.mod h1:RxMgew5VJxzue5/jJTE5uejpjVlOe/izrB70Jof72aM=
golang.org/x/sync v0.22.0 h1:SZjpbeLmrCk4xhRSZFNZW5gFUeCeFgjekvI/+gfScek=
golang.org/x/sync v0.22.0/go.mod h1:9xrNwdLfx4jkKbNva9FpL6vEN7evnE43NNNJQ2LF3+0=
golang.org/x/sys v0.0.0-20190215142949-d0b11bdaac8a/go.mod h1:STP8DvDyc/dI5b8T5hshtkjS+E42TnysNCUPdjciGhY=
golang.org/x/sys v0.0.0-20190412213103-97732733099d/go.mod h1:h1NjWce9XRLGQEsW7wpKNCjG9DtNlClVuFLEZdDNbEs=
golang.org/x/sys v0.0.0-20220811171246-fbc7d0a398ab/go.mod h1:oPkhp1MJrh7nUepCBck5+mAzfO9JrbApNNgaTdGDITg=
golang.org/x/sys v0.1.0/go.mod h1:oPkhp1MJrh7nUepCBck5+mAzfO9JrbApNNgaTdGDITg=
golang.org/x/sys v0.2.0/go.mod h1:oPkhp1MJrh7nUepCBck5+mAzfO9JrbApNNgaTdGDITg=
golang.org/x/sys v0.6.0/go.mod h1:oPkhp1MJrh7nUepCBck5+mAzfO9JrbApNNgaTdGDITg=
golang.org/x/sys v0.10.0/go.mod h1:oPkhp1MJrh7nUepCBck5+mAzfO9JrbApNNgaTdGDITg=
golang.org/x/sys v0.47.0 h1:o7XGOvZQCADBQQ4Y7VNq2dRWQR7JmOUW8Kxx4ZsNgWs=
golang.org/x/sys v0.47.0/go.mod h1:4GL1E5IUh+htKOUEOaiffhrAeqysfVGipDYzABqnCmw=
golang.org/x/term v0.45.0 h1:NwWyBmoJCbfTHpxrWoZ9C6/VxOf7ic219I8xZZFdrf0=
golang.org/x/term v0.45.0/go.mod h1:9aqxs0blBcrm/n0L9QW0aRVD+ktan8ssZromtqJC43w=
golang.org/x/text v0.3.0/go.mod h1:NqM8EUOU14njkJ3fqMW+pc6Ldnwhi/IjpwHt7yyuwOQ=
golang.org/x/text v0.41.0 h1:vz/seA0lnX87Othu2f/0L24RcgrXD9/YFTSuGjj3rH8=
golang.org/x/text v0.41.0/go.mod h1:jvf1O8ajNzZqhSrQBPbutR/EB83Cc0CFrezNQIwbb5M=
golang.org/x/time v0.15.0 h1:bbrp8t3bGUeFOx08pvsMYRTCVSMk89u4tKbNOZbp88U=
golang.org/x/time v0.15.0/go.mod h1:Y4YMaQmXwGQZoFaVFk4YpCt4FLQMYKZe9oeV/f4MSno=
golang.org/x/tools v0.0.0-20200130002326-2f3ba24bd6e7/go.mod h1:TB2adYChydJhpapKDTa4BR/hXlZSLoq2Wpct/0txZ28=
golang.org/x/tools v0.48.0 h1:3+hClM1aLL5mjMKm5ovokw9epgRXPuu2tILgismM6RE=
golang.org/x/tools v0.48.0/go.mod h1:08xX0orndb/F7jJxGDicx061tyd5pcMto75YMAXr6lk=
golang.org/x/xerrors v0.0.0-20191011141410-1b5146add898/go.mod h1:I/5z698sn9Ka8TeJc9MKroUUfqBBauWjQqLJ2OPfmY0=
golang.zx2c4.com/wintun v0.0.0-20230126152724-0fa3db229ce2 h1:B82qJJgjvYKsXS9jeunTOisW56dUokqW/FOteYJJ/yg=
golang.zx2c4.com/wintun v0.0.0-20230126152724-0fa3db229ce2/go.mod h1:deeaetjYA+DHMHg+sMSMI58GrEteJUUzzw7en6TJQcI=
golang.zx2c4.com/wireguard v0.0.0-20250521234502-f333402bd9cb h1:whnFRlWMcXI9d+ZbWg+4sHnLp52d5yiIPUxMBSt4X9A=
golang.zx2c4.com/wireguard v0.0.0-20250521234502-f333402bd9cb/go.mod h1:rpwXGsirqLqN2L0JDJQlwOboGHmptD5ZD6T2VmcqhTw=
golang.zx2c4.com/wireguard/windows v1.0.1 h1:eOxiDVbywPC+ZQqvdCK7x+ZwWXKbYv50TtH8ysFIbw8=
golang.zx2c4.com/wireguard/windows v1.0.1/go.mod h1:+fbT3FFdX4zzYDLwJh5+HPEcNN/3HyNdzhNSVsQM+zs=
gonum.org/v1/gonum v0.17.0 h1:VbpOemQlsSMrYmn7T2OUvQ4dqxQXU+ouZFQsZOx50z4=
gonum.org/v1/gonum v0.17.0/go.mod h1:El3tOrEuMpv2UdMrbNlKEh9vd86bmQ6vqIcDwxEOc1E=
google.golang.org/genproto/googleapis/rpc v0.0.0-20260630182238-925bb5da69e7 h1:eM/YSd5bBFagF51o1E745Ta7RwzpW0h+z+QDNZOgmQ8=
google.golang.org/genproto/googleapis/rpc v0.0.0-20260630182238-925bb5da69e7/go.mod h1:4Hqkh8ycfw05ld/3BWL7rJOSfebL2Q+DVDeRgYgxUU8=
google.golang.org/grpc v1.82.0 h1:vguDnZUPjE26w09A63VoxZPnvPjB5Riyc0mkXPFmAIU=
google.golang.org/grpc v1.82.0/go.mod h1:yzTZ1TB1Z3SG+LIYaI+WiE8D5+PZ3ArnrSp8zF3+/ZA=
google.golang.org/protobuf v1.36.11 h1:fV6ZwhNocDyBLK0dj+fg8ektcVegBBuEolpbTQyBNVE=
google.golang.org/protobuf v1.36.11/go.mod h1:HTf+CrKn2C3g5S8VImy6tdcUvCska2kB7j23XfzDpco=
gopkg.in/check.v1 v0.0.0-20161208181325-20d25e280405/go.mod h1:Co6ibVJAznAaIkqp8huTwlJQCZ016jof/cbN4VW5Yz0=
gopkg.in/check.v1 v1.0.0-20201130134442-10cb98267c6c h1:Hei/4ADfdWqJk1ZMxUNpqntNwaWcugrBjAiHlqqRiVk=
gopkg.in/check.v1 v1.0.0-20201130134442-10cb98267c6c/go.mod h1:JHkPIbrfpd72SG/EVd6muEfDQjcINNoR0C8j2r3qZ4Q=
gopkg.in/yaml.v2 v2.4.0 h1:D8xgwECY7CYvx+Y2n4sBz93Jn9JRvxdiyyo8CTfuKaY=
gopkg.in/yaml.v2 v2.4.0/go.mod h1:RDklbk79AGWmwhnvt/jBztapEOGDOx6ZbXqjP6csGnQ=
gopkg.in/yaml.v3 v3.0.1 h1:fxVm/GzAzEWqLHuvctI91KS9hhNmmWOoWu0XTYJS7CA=
gopkg.in/yaml.v3 v3.0.1/go.mod h1:K4uyk7z7BCEPqu6E+C64Yfv1cQ7kz7rIZviUmN+EgEM=
gotest.tools/v3 v3.5.2 h1:7koQfIKdy+I8UTetycgUqXWSDwpgv193Ka+qRsmBY8Q=
gotest.tools/v3 v3.5.2/go.mod h1:LtdLGcnqToBH83WByAAi/wiwSFCArdFIUV/xxN4pcjA=
gvisor.dev/gvisor v0.0.0-20260122175437-89a5d21be8f0 h1:Lk6hARj5UPY47dBep70OD/TIMwikJ5fGUGX0Rm3Xigk=
gvisor.dev/gvisor v0.0.0-20260122175437-89a5d21be8f0/go.mod h1:QkHjoMIBaYtpVufgwv3keYAbln78mBoCuShZrPrer1Q=
lukechampine.com/blake3 v1.4.1 h1:I3Smz7gso8w4/TunLKec6K2fn+kyKtDxr/xcQEN84Wg=
lukechampine.com/blake3 v1.4.1/go.mod h1:QFosUxmjB8mnrWFSNwKmvxHpfY72bmD2tQ0kBMM3kwo=
modernc.org/cc/v4 v4.29.2 h1:h6+9ciCnPKutf4I03CvheAvDLX7+IHlqR6Iy6J+cgd8=
modernc.org/cc/v4 v4.29.2/go.mod h1:OnovgIhbbMXMu1aISnJ0wvVD1KnW+cAUJkIrAWh+kVI=
modernc.org/ccgo/v4 v4.35.0 h1:F+TUsmw09QxLzmi3aeYYGxjAXarmZaKgj3mKQHNaA8w=
modernc.org/ccgo/v4 v4.35.0/go.mod h1:qrVGs9S3Sr2Ztcg9ve+kTAYMp5a3YvWjo+SoN06kJ5I=
modernc.org/fileutil v1.4.0 h1:j6ZzNTftVS054gi281TyLjHPp6CPHr2KCxEXjEbD6SM=
modernc.org/fileutil v1.4.0/go.mod h1:EqdKFDxiByqxLk8ozOxObDSfcVOv/54xDs/DUHdvCUU=
modernc.org/gc/v2 v2.6.5 h1:nyqdV8q46KvTpZlsw66kWqwXRHdjIlJOhG6kxiV/9xI=
modernc.org/gc/v2 v2.6.5/go.mod h1:YgIahr1ypgfe7chRuJi2gD7DBQiKSLMPgBQe9oIiito=
modernc.org/gc/v3 v3.1.5 h1:21ldfPfRYE31Tb7B3mwAK8gy1AxP4+dKjrOQPfqakoc=
modernc.org/gc/v3 v3.1.5/go.mod h1:HFK/6AGESC7Ex+EZJhJ2Gni6cTaYpSMmU/cT9RmlfYY=
modernc.org/goabi0 v0.2.0 h1:HvEowk7LxcPd0eq6mVOAEMai46V+i7Jrj13t4AzuNks=
modernc.org/goabi0 v0.2.0/go.mod h1:CEFRnnJhKvWT1c1JTI3Avm+tgOWbkOu5oPA8eH8LnMI=
modernc.org/libc v1.75.7 h1:o3DTP9/0p9pKmY2WCKQaySW6wIiZhNM7wc2lUoyhfew=
modernc.org/libc v1.75.7/go.mod h1:bO5o2ztHxBb2rjz0PgdHN0sSMw57CgxGFLZ3Qd/QpVQ=
modernc.org/mathutil v1.7.1 h1:GCZVGXdaN8gTqB1Mf/usp1Y/hSqgI2vAGGP4jZMCxOU=
modernc.org/mathutil v1.7.1/go.mod h1:4p5IwJITfppl0G4sUEDtCr4DthTaT47/N3aT6MhfgJg=
modernc.org/memory v1.12.1 h1:nFMiWrpStgZczNl6XI9GnIk/rWhYIyHGUaR04pGbp9g=
modernc.org/memory v1.12.1/go.mod h1:/JP4VbVC+K5sU2wZi9bHoq2MAkCnrt2r98UGeSK7Mjw=
modernc.org/opt v0.2.0 h1:tGyef5ApycA7FSEOMraay9SaTk5zmbx7Tu+cJs4QKZg=
modernc.org/opt v0.2.0/go.mod h1:03fq9lsNfvkYSfxrfUhZCWPk1lm4cq4N+Bh//bEtgns=
modernc.org/sortutil v1.2.1 h1:+xyoGf15mM3NMlPDnFqrteY07klSFxLElE2PVuWIJ7w=
modernc.org/sortutil v1.2.1/go.mod h1:7ZI3a3REbai7gzCLcotuw9AC4VZVpYMjDzETGsSMqJE=
modernc.org/sqlite v1.59.0 h1:X1es1GpqBlS/5T+vbM4HLUdaa8OtQx468DF2vrx+38A=
modernc.org/sqlite v1.59.0/go.mod h1:+paeT2A3iPRHkQDwG7oA6Tk0zQd5woMEI8q7orfry8k=
modernc.org/strutil v1.2.1 h1:UneZBkQA+DX2Rp35KcM69cSsNES9ly8mQWD71HKlOA0=
modernc.org/strutil v1.2.1/go.mod h1:EHkiggD70koQxjVdSBM3JKM7k6L0FbGE5eymy9i3B9A=
modernc.org/token v1.1.0 h1:Xl7Ap9dKaEs5kLoOQeQmPWevfnk/DM5qcLcYlA8ys6Y=
modernc.org/token v1.1.0/go.mod h1:UGzOrNV1mAFSEB63lOFHIpNRUVMvYTc6yu1SMY/XTDM=
